
Microsoft Visual Studio Solution File, Format Version 12.00
# Visual Studio 2013
VisualStudioVersion = 12.0.31101.0
MinimumVisualStudioVersion = 10.0.40219.1
Project("{FAE04EC0-301F-11D3-BF4B-00C04F79EFBC}") = "XamarinSessionRestore", "XamarinSessionRestore\XamarinSessionRestore\XamarinSessionRestore.csproj", "{074027E2-73DE-481C-8886-BA40F47B89E4}"
EndProject
Project("{FAE04EC0-301F-11D3-BF4B-00C04F79EFBC}") = "XamarinSessionRestore.iOS", "XamarinSessionRestore\XamarinSessionRestore.iOS\XamarinSessionRestore.iOS.csproj", "{A4FBCF14-7435-431A-B4BF-E38D09A24853}"
EndProject
Project("{FAE04EC0-301F-11D3-BF4B-00C04F79EFBC}") = "XamarinSessionRestore.Droid", "XamarinSessionRestore\XamarinSessionRestore.Droid\XamarinSessionRestore.Droid.csproj", "{DBBAD967-3D0D-4A38-A829-B3E1EBD49148}"
EndProject
Project("{FAE04EC0-301F-11D3-BF4B-00C04F79EFBC}") = "XamarinSessionRestore.WinPhone", "XamarinSessionRestore\XamarinSessionRestore.WinPhone\XamarinSessionRestore.WinPhone.csproj", "{A497DD6E-BE51-43E9-AFEF-0DD36704FA48}"
EndProject
Project("{2150E333-8FDC-42A3-9474-1A3956D46DE8}") = ".nuget", ".nuget", "{D77F5F5B-0C4F-41DE-BF8F-A77C009F43F4}"
	ProjectSection(SolutionItems) = preProject
		.nuget\NuGet.Config = .nuget\NuGet.Config
		.nuget\NuGet.exe = .nuget\NuGet.exe
		.nuget\NuGet.targets = .nuget\NuGet.targets
	EndProjectSection
EndProject
Project("{FAE04EC0-301F-11D3-BF4B-00C04F79EFBC}") = "XamarinSessionRestore.Windows", "XamarinSessionRestore\XamarinSessionRestore.Windows\XamarinSessionRestore.Windows.csproj", "{3ACEC350-90E5-4468-B8A8-CCA72827ECF1}"
EndProject
Project("{FAE04EC0-301F-11D3-BF4B-00C04F79EFBC}") = "XamarinSessionRestore.Phone", "XamarinSessionRestore\XamarinSessionRestore.Phone\XamarinSessionRestore.Phone.csproj", "{271E7A6F-29A7-43FE-B0FB-8DD92E78622C}"
EndProject
Global
	GlobalSection(SolutionConfigurationPlatforms) = preSolution
		Ad-Hoc|Any CPU = Ad-Hoc|Any CPU
		Ad-Hoc|ARM = Ad-Hoc|ARM
		Ad-Hoc|iPhone = Ad-Hoc|iPhone
		Ad-Hoc|iPhoneSimulator = Ad-Hoc|iPhoneSimulator
		Ad-Hoc|Mixed Platforms = Ad-Hoc|Mixed Platforms
		Ad-Hoc|x64 = Ad-Hoc|x64
		Ad-Hoc|x86 = Ad-Hoc|x86
		AppStore|Any CPU = AppStore|Any CPU
		AppStore|ARM = AppStore|ARM
		AppStore|iPhone = AppStore|iPhone
		AppStore|iPhoneSimulator = AppStore|iPhoneSimulator
		AppStore|Mixed Platforms = AppStore|Mixed Platforms
		AppStore|x64 = AppStore|x64
		AppStore|x86 = AppStore|x86
		Debug|Any CPU = Debug|Any CPU
		Debug|ARM = Debug|ARM
		Debug|iPhone = Debug|iPhone
		Debug|iPhoneSimulator = Debug|iPhoneSimulator
		Debug|Mixed Platforms = Debug|Mixed Platforms
		Debug|x64 = Debug|x64
		Debug|x86 = Debug|x86
		Release|Any CPU = Release|Any CPU
		Release|ARM = Release|ARM
		Release|iPhone = Release|iPhone
		Release|iPhoneSimulator = Release|iPhoneSimulator
		Release|Mixed Platforms = Release|Mixed Platforms
		Release|x64 = Release|x64
		Release|x86 = Release|x86
	EndGlobalSection
	GlobalSection(ProjectConfigurationPlatforms) = postSolution
		{074027E2-73DE-481C-8886-BA40F47B89E4}.Ad-Hoc|Any CPU.ActiveCfg = Release|Any CPU
		{074027E2-73DE-481C-8886-BA40F47B89E4}.Ad-Hoc|Any CPU.Build.0 = Release|Any CPU
		{074027E2-73DE-481C-8886-BA40F47B89E4}.Ad-Hoc|ARM.ActiveCfg = Release|Any CPU
		{074027E2-73DE-481C-8886-BA40F47B89E4}.Ad-Hoc|iPhone.ActiveCfg = Release|Any CPU
		{074027E2-73DE-481C-8886-BA40F47B89E4}.Ad-Hoc|iPhoneSimulator.ActiveCfg = Release|Any CPU
		{074027E2-73DE-481C-8886-BA40F47B89E4}.Ad-Hoc|Mixed Platforms.ActiveCfg = Release|Any CPU
		{074027E2-73DE-481C-8886-BA40F47B89E4}.Ad-Hoc|Mixed Platforms.Build.0 = Release|Any CPU
		{074027E2-73DE-481C-8886-BA40F47B89E4}.Ad-Hoc|x64.ActiveCfg = Debug|Any CPU
		{074027E2-73DE-481C-8886-BA40F47B89E4}.Ad-Hoc|x86.ActiveCfg = Release|Any CPU
		{074027E2-73DE-481C-8886-BA40F47B89E4}.AppStore|Any CPU.ActiveCfg = Release|Any CPU
		{074027E2-73DE-481C-8886-BA40F47B89E4}.AppStore|Any CPU.Build.0 = Release|Any CPU
		{074027E2-73DE-481C-8886-BA40F47B89E4}.AppStore|ARM.ActiveCfg = Release|Any CPU
		{074027E2-73DE-481C-8886-BA40F47B89E4}.AppStore|iPhone.ActiveCfg = Release|Any CPU
		{074027E2-73DE-481C-8886-BA40F47B89E4}.AppStore|iPhoneSimulator.ActiveCfg = Release|Any CPU
		{074027E2-73DE-481C-8886-BA40F47B89E4}.AppStore|Mixed Platforms.ActiveCfg = Release|Any CPU
		{074027E2-73DE-481C-8886-BA40F47B89E4}.AppStore|Mixed Platforms.Build.0 = Release|Any CPU
		{074027E2-73DE-481C-8886-BA40F47B89E4}.AppStore|x64.ActiveCfg = Debug|Any CPU
		{074027E2-73DE-481C-8886-BA40F47B89E4}.AppStore|x86.ActiveCfg = Release|Any CPU
		{074027E2-73DE-481C-8886-BA40F47B89E4}.Debug|Any CPU.ActiveCfg = Debug|Any CPU
		{074027E2-73DE-481C-8886-BA40F47B89E4}.Debug|Any CPU.Build.0 = Debug|Any CPU
		{074027E2-73DE-481C-8886-BA40F47B89E4}.Debug|ARM.ActiveCfg = Debug|Any CPU
		{074027E2-73DE-481C-8886-BA40F47B89E4}.Debug|iPhone.ActiveCfg = Debug|Any CPU
		{074027E2-73DE-481C-8886-BA40F47B89E4}.Debug|iPhoneSimulator.ActiveCfg = Debug|Any CPU
		{074027E2-73DE-481C-8886-BA40F47B89E4}.Debug|Mixed Platforms.ActiveCfg = Debug|Any CPU
		{074027E2-73DE-481C-8886-BA40F47B89E4}.Debug|Mixed Platforms.Build.0 = Debug|Any CPU
		{074027E2-73DE-481C-8886-BA40F47B89E4}.Debug|x64.ActiveCfg = Debug|Any CPU
		{074027E2-73DE-481C-8886-BA40F47B89E4}.Debug|x86.ActiveCfg = Debug|Any CPU
		{074027E2-73DE-481C-8886-BA40F47B89E4}.Release|Any CPU.ActiveCfg = Release|Any CPU
		{074027E2-73DE-481C-8886-BA40F47B89E4}.Release|Any CPU.Build.0 = Release|Any CPU
		{074027E2-73DE-481C-8886-BA40F47B89E4}.Release|ARM.ActiveCfg = Release|Any CPU
		{074027E2-73DE-481C-8886-BA40F47B89E4}.Release|iPhone.ActiveCfg = Release|Any CPU
		{074027E2-73DE-481C-8886-BA40F47B89E4}.Release|iPhoneSimulator.ActiveCfg = Release|Any CPU
		{074027E2-73DE-481C-8886-BA40F47B89E4}.Release|Mixed Platforms.ActiveCfg = Release|Any CPU
		{074027E2-73DE-481C-8886-BA40F47B89E4}.Release|Mixed Platforms.Build.0 = Release|Any CPU
		{074027E2-73DE-481C-8886-BA40F47B89E4}.Release|x64.ActiveCfg = Release|Any CPU
		{074027E2-73DE-481C-8886-BA40F47B89E4}.Release|x86.ActiveCfg = Release|Any CPU
		{A4FBCF14-7435-431A-B4BF-E38D09A24853}.Ad-Hoc|Any CPU.ActiveCfg = Ad-Hoc|iPhone
		{A4FBCF14-7435-431A-B4BF-E38D09A24853}.Ad-Hoc|ARM.ActiveCfg = Ad-Hoc|iPhone
		{A4FBCF14-7435-431A-B4BF-E38D09A24853}.Ad-Hoc|iPhone.ActiveCfg = Ad-Hoc|iPhone
		{A4FBCF14-7435-431A-B4BF-E38D09A24853}.Ad-Hoc|iPhone.Build.0 = Ad-Hoc|iPhone
		{A4FBCF14-7435-431A-B4BF-E38D09A24853}.Ad-Hoc|iPhoneSimulator.ActiveCfg = Ad-Hoc|iPhoneSimulator
		{A4FBCF14-7435-431A-B4BF-E38D09A24853}.Ad-Hoc|iPhoneSimulator.Build.0 = Ad-Hoc|iPhoneSimulator
		{A4FBCF14-7435-431A-B4BF-E38D09A24853}.Ad-Hoc|Mixed Platforms.ActiveCfg = Ad-Hoc|iPhone
		{A4FBCF14-7435-431A-B4BF-E38D09A24853}.Ad-Hoc|Mixed Platforms.Build.0 = Ad-Hoc|iPhone
		{A4FBCF14-7435-431A-B4BF-E38D09A24853}.Ad-Hoc|x64.ActiveCfg = Ad-Hoc|iPhoneSimulator
		{A4FBCF14-7435-431A-B4BF-E38D09A24853}.Ad-Hoc|x86.ActiveCfg = Ad-Hoc|iPhone
		{A4FBCF14-7435-431A-B4BF-E38D09A24853}.AppStore|Any CPU.ActiveCfg = AppStore|iPhone
		{A4FBCF14-7435-431A-B4BF-E38D09A24853}.AppStore|ARM.ActiveCfg = AppStore|iPhone
		{A4FBCF14-7435-431A-B4BF-E38D09A24853}.AppStore|iPhone.ActiveCfg = AppStore|iPhone
		{A4FBCF14-7435-431A-B4BF-E38D09A24853}.AppStore|iPhone.Build.0 = AppStore|iPhone
		{A4FBCF14-7435-431A-B4BF-E38D09A24853}.AppStore|iPhoneSimulator.ActiveCfg = AppStore|iPhoneSimulator
		{A4FBCF14-7435-431A-B4BF-E38D09A24853}.AppStore|iPhoneSimulator.Build.0 = AppStore|iPhoneSimulator
		{A4FBCF14-7435-431A-B4BF-E38D09A24853}.AppStore|Mixed Platforms.ActiveCfg = AppStore|iPhone
		{A4FBCF14-7435-431A-B4BF-E38D09A24853}.AppStore|Mixed Platforms.Build.0 = AppStore|iPhone
		{A4FBCF14-7435-431A-B4BF-E38D09A24853}.AppStore|x64.ActiveCfg = AppStore|iPhoneSimulator
		{A4FBCF14-7435-431A-B4BF-E38D09A24853}.AppStore|x86.ActiveCfg = AppStore|iPhone
		{A4FBCF14-7435-431A-B4BF-E38D09A24853}.Debug|Any CPU.ActiveCfg = Debug|iPhone
		{A4FBCF14-7435-431A-B4BF-E38D09A24853}.Debug|ARM.ActiveCfg = Debug|iPhone
		{A4FBCF14-7435-431A-B4BF-E38D09A24853}.Debug|iPhone.ActiveCfg = Debug|iPhone
		{A4FBCF14-7435-431A-B4BF-E38D09A24853}.Debug|iPhone.Build.0 = Debug|iPhone
		{A4FBCF14-7435-431A-B4BF-E38D09A24853}.Debug|iPhoneSimulator.ActiveCfg = Debug|iPhoneSimulator
		{A4FBCF14-7435-431A-B4BF-E38D09A24853}.Debug|iPhoneSimulator.Build.0 = Debug|iPhoneSimulator
		{A4FBCF14-7435-431A-B4BF-E38D09A24853}.Debug|Mixed Platforms.ActiveCfg = Debug|iPhone
		{A4FBCF14-7435-431A-B4BF-E38D09A24853}.Debug|Mixed Platforms.Build.0 = Debug|iPhone
		{A4FBCF14-7435-431A-B4BF-E38D09A24853}.Debug|x64.ActiveCfg = Debug|iPhoneSimulator
		{A4FBCF14-7435-431A-B4BF-E38D09A24853}.Debug|x86.ActiveCfg = Debug|iPhone
		{A4FBCF14-7435-431A-B4BF-E38D09A24853}.Release|Any CPU.ActiveCfg = Release|iPhone
		{A4FBCF14-7435-431A-B4BF-E38D09A24853}.Release|ARM.ActiveCfg = Release|iPhone
		{A4FBCF14-7435-431A-B4BF-E38D09A24853}.Release|iPhone.ActiveCfg = Release|iPhone
		{A4FBCF14-7435-431A-B4BF-E38D09A24853}.Release|iPhone.Build.0 = Release|iPhone
		{A4FBCF14-7435-431A-B4BF-E38D09A24853}.Release|iPhoneSimulator.ActiveCfg = Release|iPhoneSimulator
		{A4FBCF14-7435-431A-B4BF-E38D09A24853}.Release|iPhoneSimulator.Build.0 = Release|iPhoneSimulator
		{A4FBCF14-7435-431A-B4BF-E38D09A24853}.Release|Mixed Platforms.ActiveCfg = Release|iPhone
		{A4FBCF14-7435-431A-B4BF-E38D09A24853}.Release|Mixed Platforms.Build.0 = Release|iPhone
		{A4FBCF14-7435-431A-B4BF-E38D09A24853}.Release|x64.ActiveCfg = Release|iPhoneSimulator
		{A4FBCF14-7435-431A-B4BF-E38D09A24853}.Release|x86.ActiveCfg = Release|iPhone
		{DBBAD967-3D0D-4A38-A829-B3E1EBD49148}.Ad-Hoc|Any CPU.ActiveCfg = Release|Any CPU
		{DBBAD967-3D0D-4A38-A829-B3E1EBD49148}.Ad-Hoc|Any CPU.Build.0 = Release|Any CPU
		{DBBAD967-3D0D-4A38-A829-B3E1EBD49148}.Ad-Hoc|Any CPU.Deploy.0 = Release|Any CPU
		{DBBAD967-3D0D-4A38-A829-B3E1EBD49148}.Ad-Hoc|ARM.ActiveCfg = Release|Any CPU
		{DBBAD967-3D0D-4A38-A829-B3E1EBD49148}.Ad-Hoc|iPhone.ActiveCfg = Release|Any CPU
		{DBBAD967-3D0D-4A38-A829-B3E1EBD49148}.Ad-Hoc|iPhoneSimulator.ActiveCfg = Release|Any CPU
		{DBBAD967-3D0D-4A38-A829-B3E1EBD49148}.Ad-Hoc|Mixed Platforms.ActiveCfg = Release|Any CPU
		{DBBAD967-3D0D-4A38-A829-B3E1EBD49148}.Ad-Hoc|Mixed Platforms.Build.0 = Release|Any CPU
		{DBBAD967-3D0D-4A38-A829-B3E1EBD49148}.Ad-Hoc|Mixed Platforms.Deploy.0 = Release|Any CPU
		{DBBAD967-3D0D-4A38-A829-B3E1EBD49148}.Ad-Hoc|x64.ActiveCfg = Debug|Any CPU
		{DBBAD967-3D0D-4A38-A829-B3E1EBD49148}.Ad-Hoc|x86.ActiveCfg = Release|Any CPU
		{DBBAD967-3D0D-4A38-A829-B3E1EBD49148}.AppStore|Any CPU.ActiveCfg = Release|Any CPU
		{DBBAD967-3D0D-4A38-A829-B3E1EBD49148}.AppStore|Any CPU.Build.0 = Release|Any CPU
		{DBBAD967-3D0D-4A38-A829-B3E1EBD49148}.AppStore|Any CPU.Deploy.0 = Release|Any CPU
		{DBBAD967-3D0D-4A38-A829-B3E1EBD49148}.AppStore|ARM.ActiveCfg = Release|Any CPU
		{DBBAD967-3D0D-4A38-A829-B3E1EBD49148}.AppStore|iPhone.ActiveCfg = Release|Any CPU
		{DBBAD967-3D0D-4A38-A829-B3E1EBD49148}.AppStore|iPhoneSimulator.ActiveCfg = Release|Any CPU
		{DBBAD967-3D0D-4A38-A829-B3E1EBD49148}.AppStore|Mixed Platforms.ActiveCfg = Release|Any CPU
		{DBBAD967-3D0D-4A38-A829-B3E1EBD49148}.AppStore|Mixed Platforms.Build.0 = Release|Any CPU
		{DBBAD967-3D0D-4A38-A829-B3E1EBD49148}.AppStore|Mixed Platforms.Deploy.0 = Release|Any CPU
		{DBBAD967-3D0D-4A38-A829-B3E1EBD49148}.AppStore|x64.ActiveCfg = Debug|Any CPU
		{DBBAD967-3D0D-4A38-A829-B3E1EBD49148}.AppStore|x86.ActiveCfg = Release|Any CPU
		{DBBAD967-3D0D-4A38-A829-B3E1EBD49148}.Debug|Any CPU.ActiveCfg = Debug|Any CPU
		{DBBAD967-3D0D-4A38-A829-B3E1EBD49148}.Debug|Any CPU.Build.0 = Debug|Any CPU
		{DBBAD967-3D0D-4A38-A829-B3E1EBD49148}.Debug|Any CPU.Deploy.0 = Debug|Any CPU
		{DBBAD967-3D0D-4A38-A829-B3E1EBD49148}.Debug|ARM.ActiveCfg = Debug|Any CPU
		{DBBAD967-3D0D-4A38-A829-B3E1EBD49148}.Debug|iPhone.ActiveCfg = Debug|Any CPU
		{DBBAD967-3D0D-4A38-A829-B3E1EBD49148}.Debug|iPhoneSimulator.ActiveCfg = Debug|Any CPU
		{DBBAD967-3D0D-4A38-A829-B3E1EBD49148}.Debug|Mixed Platforms.ActiveCfg = Debug|Any CPU
		{DBBAD967-3D0D-4A38-A829-B3E1EBD49148}.Debug|Mixed Platforms.Build.0 = Debug|Any CPU
		{DBBAD967-3D0D-4A38-A829-B3E1EBD49148}.Debug|Mixed Platforms.Deploy.0 = Debug|Any CPU
		{DBBAD967-3D0D-4A38-A829-B3E1EBD49148}.Debug|x64.ActiveCfg = Debug|Any CPU
		{DBBAD967-3D0D-4A38-A829-B3E1EBD49148}.Debug|x86.ActiveCfg = Debug|Any CPU
		{DBBAD967-3D0D-4A38-A829-B3E1EBD49148}.Release|Any CPU.ActiveCfg = Release|Any CPU
		{DBBAD967-3D0D-4A38-A829-B3E1EBD49148}.Release|Any CPU.Build.0 = Release|Any CPU
		{DBBAD967-3D0D-4A38-A829-B3E1EBD49148}.Release|Any CPU.Deploy.0 = Release|Any CPU
		{DBBAD967-3D0D-4A38-A829-B3E1EBD49148}.Release|ARM.ActiveCfg = Release|Any CPU
		{DBBAD967-3D0D-4A38-A829-B3E1EBD49148}.Release|iPhone.ActiveCfg = Release|Any CPU
		{DBBAD967-3D0D-4A38-A829-B3E1EBD49148}.Release|iPhoneSimulator.ActiveCfg = Release|Any CPU
		{DBBAD967-3D0D-4A38-A829-B3E1EBD49148}.Release|Mixed Platforms.ActiveCfg = Release|Any CPU
		{DBBAD967-3D0D-4A38-A829-B3E1EBD49148}.Release|Mixed Platforms.Build.0 = Release|Any CPU
		{DBBAD967-3D0D-4A38-A829-B3E1EBD49148}.Release|Mixed Platforms.Deploy.0 = Release|Any CPU
		{DBBAD967-3D0D-4A38-A829-B3E1EBD49148}.Release|x64.ActiveCfg = Release|Any CPU
		{DBBAD967-3D0D-4A38-A829-B3E1EBD49148}.Release|x86.ActiveCfg = Release|Any CPU
		{A497DD6E-BE51-43E9-AFEF-0DD36704FA48}.Ad-Hoc|Any CPU.ActiveCfg = Release|Any CPU
		{A497DD6E-BE51-43E9-AFEF-0DD36704FA48}.Ad-Hoc|Any CPU.Build.0 = Release|Any CPU
		{A497DD6E-BE51-43E9-AFEF-0DD36704FA48}.Ad-Hoc|Any CPU.Deploy.0 = Release|Any CPU
		{A497DD6E-BE51-43E9-AFEF-0DD36704FA48}.Ad-Hoc|ARM.ActiveCfg = Release|ARM
		{A497DD6E-BE51-43E9-AFEF-0DD36704FA48}.Ad-Hoc|ARM.Build.0 = Release|ARM
		{A497DD6E-BE51-43E9-AFEF-0DD36704FA48}.Ad-Hoc|ARM.Deploy.0 = Release|ARM
		{A497DD6E-BE51-43E9-AFEF-0DD36704FA48}.Ad-Hoc|iPhone.ActiveCfg = Release|Any CPU
		{A497DD6E-BE51-43E9-AFEF-0DD36704FA48}.Ad-Hoc|iPhoneSimulator.ActiveCfg = Release|Any CPU
		{A497DD6E-BE51-43E9-AFEF-0DD36704FA48}.Ad-Hoc|Mixed Platforms.ActiveCfg = Release|x86
		{A497DD6E-BE51-43E9-AFEF-0DD36704FA48}.Ad-Hoc|Mixed Platforms.Build.0 = Release|x86
		{A497DD6E-BE51-43E9-AFEF-0DD36704FA48}.Ad-Hoc|Mixed Platforms.Deploy.0 = Release|x86
		{A497DD6E-BE51-43E9-AFEF-0DD36704FA48}.Ad-Hoc|x64.ActiveCfg = Debug|Any CPU
		{A497DD6E-BE51-43E9-AFEF-0DD36704FA48}.Ad-Hoc|x86.ActiveCfg = Release|x86
		{A497DD6E-BE51-43E9-AFEF-0DD36704FA48}.Ad-Hoc|x86.Build.0 = Release|x86
		{A497DD6E-BE51-43E9-AFEF-0DD36704FA48}.Ad-Hoc|x86.Deploy.0 = Release|x86
		{A497DD6E-BE51-43E9-AFEF-0DD36704FA48}.AppStore|Any CPU.ActiveCfg = Release|Any CPU
		{A497DD6E-BE51-43E9-AFEF-0DD36704FA48}.AppStore|Any CPU.Build.0 = Release|Any CPU
		{A497DD6E-BE51-43E9-AFEF-0DD36704FA48}.AppStore|Any CPU.Deploy.0 = Release|Any CPU
		{A497DD6E-BE51-43E9-AFEF-0DD36704FA48}.AppStore|ARM.ActiveCfg = Release|ARM
		{A497DD6E-BE51-43E9-AFEF-0DD36704FA48}.AppStore|ARM.Build.0 = Release|ARM
		{A497DD6E-BE51-43E9-AFEF-0DD36704FA48}.AppStore|ARM.Deploy.0 = Release|ARM
		{A497DD6E-BE51-43E9-AFEF-0DD36704FA48}.AppStore|iPhone.ActiveCfg = Release|Any CPU
		{A497DD6E-BE51-43E9-AFEF-0DD36704FA48}.AppStore|iPhoneSimulator.ActiveCfg = Release|Any CPU
		{A497DD6E-BE51-43E9-AFEF-0DD36704FA48}.AppStore|Mixed Platforms.ActiveCfg = Release|x86
		{A497DD6E-BE51-43E9-AFEF-0DD36704FA48}.AppStore|Mixed Platforms.Build.0 = Release|x86
		{A497DD6E-BE51-43E9-AFEF-0DD36704FA48}.AppStore|Mixed Platforms.Deploy.0 = Release|x86
		{A497DD6E-BE51-43E9-AFEF-0DD36704FA48}.AppStore|x64.ActiveCfg = Debug|Any CPU
		{A497DD6E-BE51-43E9-AFEF-0DD36704FA48}.AppStore|x86.ActiveCfg = Release|x86
		{A497DD6E-BE51-43E9-AFEF-0DD36704FA48}.AppStore|x86.Build.0 = Release|x86
		{A497DD6E-BE51-43E9-AFEF-0DD36704FA48}.AppStore|x86.Deploy.0 = Release|x86
		{A497DD6E-BE51-43E9-AFEF-0DD36704FA48}.Debug|Any CPU.ActiveCfg = Debug|Any CPU
		{A497DD6E-BE51-43E9-AFEF-0DD36704FA48}.Debug|Any CPU.Build.0 = Debug|Any CPU
		{A497DD6E-BE51-43E9-AFEF-0DD36704FA48}.Debug|Any CPU.Deploy.0 = Debug|Any CPU
		{A497DD6E-BE51-43E9-AFEF-0DD36704FA48}.Debug|ARM.ActiveCfg = Debug|ARM
		{A497DD6E-BE51-43E9-AFEF-0DD36704FA48}.Debug|ARM.Build.0 = Debug|ARM
		{A497DD6E-BE51-43E9-AFEF-0DD36704FA48}.Debug|ARM.Deploy.0 = Debug|ARM
		{A497DD6E-BE51-43E9-AFEF-0DD36704FA48}.Debug|iPhone.ActiveCfg = Debug|Any CPU
		{A497DD6E-BE51-43E9-AFEF-0DD36704FA48}.Debug|iPhoneSimulator.ActiveCfg = Debug|Any CPU
		{A497DD6E-BE51-43E9-AFEF-0DD36704FA48}.Debug|Mixed Platforms.ActiveCfg = Debug|x86
		{A497DD6E-BE51-43E9-AFEF-0DD36704FA48}.Debug|Mixed Platforms.Build.0 = Debug|x86
		{A497DD6E-BE51-43E9-AFEF-0DD36704FA48}.Debug|Mixed Platforms.Deploy.0 = Debug|x86
		{A497DD6E-BE51-43E9-AFEF-0DD36704FA48}.Debug|x64.ActiveCfg = Debug|Any CPU
		{A497DD6E-BE51-43E9-AFEF-0DD36704FA48}.Debug|x86.ActiveCfg = Debug|x86
		{A497DD6E-BE51-43E9-AFEF-0DD36704FA48}.Debug|x86.Build.0 = Debug|x86
		{A497DD6E-BE51-43E9-AFEF-0DD36704FA48}.Debug|x86.Deploy.0 = Debug|x86
		{A497DD6E-BE51-43E9-AFEF-0DD36704FA48}.Release|Any CPU.ActiveCfg = Release|Any CPU
		{A497DD6E-BE51-43E9-AFEF-0DD36704FA48}.Release|Any CPU.Build.0 = Release|Any CPU
		{A497DD6E-BE51-43E9-AFEF-0DD36704FA48}.Release|Any CPU.Deploy.0 = Release|Any CPU
		{A497DD6E-BE51-43E9-AFEF-0DD36704FA48}.Release|ARM.ActiveCfg = Release|ARM
		{A497DD6E-BE51-43E9-AFEF-0DD36704FA48}.Release|ARM.Build.0 = Release|ARM
		{A497DD6E-BE51-43E9-AFEF-0DD36704FA48}.Release|ARM.Deploy.0 = Release|ARM
		{A497DD6E-BE51-43E9-AFEF-0DD36704FA48}.Release|iPhone.ActiveCfg = Release|Any CPU
		{A497DD6E-BE51-43E9-AFEF-0DD36704FA48}.Release|iPhoneSimulator.ActiveCfg = Release|Any CPU
		{A497DD6E-BE51-43E9-AFEF-0DD36704FA48}.Release|Mixed Platforms.ActiveCfg = Release|x86
		{A497DD6E-BE51-43E9-AFEF-0DD36704FA48}.Release|Mixed Platforms.Build.0 = Release|x86
		{A497DD6E-BE51-43E9-AFEF-0DD36704FA48}.Release|Mixed Platforms.Deploy.0 = Release|x86
		{A497DD6E-BE51-43E9-AFEF-0DD36704FA48}.Release|x64.ActiveCfg = Release|Any CPU
		{A497DD6E-BE51-43E9-AFEF-0DD36704FA48}.Release|x86.ActiveCfg = Release|x86
		{A497DD6E-BE51-43E9-AFEF-0DD36704FA48}.Release|x86.Build.0 = Release|x86
		{A497DD6E-BE51-43E9-AFEF-0DD36704FA48}.Release|x86.Deploy.0 = Release|x86
		{3ACEC350-90E5-4468-B8A8-CCA72827ECF1}.Ad-Hoc|Any CPU.ActiveCfg = Release|Any CPU
		{3ACEC350-90E5-4468-B8A8-CCA72827ECF1}.Ad-Hoc|Any CPU.Build.0 = Release|Any CPU
		{3ACEC350-90E5-4468-B8A8-CCA72827ECF1}.Ad-Hoc|Any CPU.Deploy.0 = Release|Any CPU
		{3ACEC350-90E5-4468-B8A8-CCA72827ECF1}.Ad-Hoc|ARM.ActiveCfg = Release|ARM
		{3ACEC350-90E5-4468-B8A8-CCA72827ECF1}.Ad-Hoc|ARM.Build.0 = Release|ARM
		{3ACEC350-90E5-4468-B8A8-CCA72827ECF1}.Ad-Hoc|ARM.Deploy.0 = Release|ARM
		{3ACEC350-90E5-4468-B8A8-CCA72827ECF1}.Ad-Hoc|iPhone.ActiveCfg = Release|Any CPU
		{3ACEC350-90E5-4468-B8A8-CCA72827ECF1}.Ad-Hoc|iPhoneSimulator.ActiveCfg = Release|Any CPU
		{3ACEC350-90E5-4468-B8A8-CCA72827ECF1}.Ad-Hoc|Mixed Platforms.ActiveCfg = Release|x86
		{3ACEC350-90E5-4468-B8A8-CCA72827ECF1}.Ad-Hoc|Mixed Platforms.Build.0 = Release|x86
		{3ACEC350-90E5-4468-B8A8-CCA72827ECF1}.Ad-Hoc|Mixed Platforms.Deploy.0 = Release|x86
		{3ACEC350-90E5-4468-B8A8-CCA72827ECF1}.Ad-Hoc|x64.ActiveCfg = Release|x64
		{3ACEC350-90E5-4468-B8A8-CCA72827ECF1}.Ad-Hoc|x64.Build.0 = Release|x64
		{3ACEC350-90E5-4468-B8A8-CCA72827ECF1}.Ad-Hoc|x64.Deploy.0 = Release|x64
		{3ACEC350-90E5-4468-B8A8-CCA72827ECF1}.Ad-Hoc|x86.ActiveCfg = Release|x86
		{3ACEC350-90E5-4468-B8A8-CCA72827ECF1}.Ad-Hoc|x86.Build.0 = Release|x86
		{3ACEC350-90E5-4468-B8A8-CCA72827ECF1}.Ad-Hoc|x86.Deploy.0 = Release|x86
		{3ACEC350-90E5-4468-B8A8-CCA72827ECF1}.AppStore|Any CPU.ActiveCfg = Release|Any CPU
		{3ACEC350-90E5-4468-B8A8-CCA72827ECF1}.AppStore|Any CPU.Build.0 = Release|Any CPU
		{3ACEC350-90E5-4468-B8A8-CCA72827ECF1}.AppStore|Any CPU.Deploy.0 = Release|Any CPU
		{3ACEC350-90E5-4468-B8A8-CCA72827ECF1}.AppStore|ARM.ActiveCfg = Release|ARM
		{3ACEC350-90E5-4468-B8A8-CCA72827ECF1}.AppStore|ARM.Build.0 = Release|ARM
		{3ACEC350-90E5-4468-B8A8-CCA72827ECF1}.AppStore|ARM.Deploy.0 = Release|ARM
		{3ACEC350-90E5-4468-B8A8-CCA72827ECF1}.AppStore|iPhone.ActiveCfg = Release|Any CPU
		{3ACEC350-90E5-4468-B8A8-CCA72827ECF1}.AppStore|iPhoneSimulator.ActiveCfg = Release|Any CPU
		{3ACEC350-90E5-4468-B8A8-CCA72827ECF1}.AppStore|Mixed Platforms.ActiveCfg = Release|x86
		{3ACEC350-90E5-4468-B8A8-CCA72827ECF1}.AppStore|Mixed Platforms.Build.0 = Release|x86
		{3ACEC350-90E5-4468-B8A8-CCA72827ECF1}.AppStore|Mixed Platforms.Deploy.0 = Release|x86
		{3ACEC350-90E5-4468-B8A8-CCA72827ECF1}.AppStore|x64.ActiveCfg = Release|x64
		{3ACEC350-90E5-4468-B8A8-CCA72827ECF1}.AppStore|x64.Build.0 = Release|x64
		{3ACEC350-90E5-4468-B8A8-CCA72827ECF1}.AppStore|x64.Deploy.0 = Release|x64
		{3ACEC350-90E5-4468-B8A8-CCA72827ECF1}.AppStore|x86.ActiveCfg = Release|x86
		{3ACEC350-90E5-4468-B8A8-CCA72827ECF1}.AppStore|x86.Build.0 = Release|x86
		{3ACEC350-90E5-4468-B8A8-CCA72827ECF1}.AppStore|x86.Deploy.0 = Release|x86
		{3ACEC350-90E5-4468-B8A8-CCA72827ECF1}.Debug|Any CPU.ActiveCfg = Debug|Any CPU
		{3ACEC350-90E5-4468-B8A8-CCA72827ECF1}.Debug|Any CPU.Build.0 = Debug|Any CPU
		{3ACEC350-90E5-4468-B8A8-CCA72827ECF1}.Debug|Any CPU.Deploy.0 = Debug|Any CPU
		{3ACEC350-90E5-4468-B8A8-CCA72827ECF1}.Debug|ARM.ActiveCfg = Debug|ARM
		{3ACEC350-90E5-4468-B8A8-CCA72827ECF1}.Debug|ARM.Build.0 = Debug|ARM
		{3ACEC350-90E5-4468-B8A8-CCA72827ECF1}.Debug|ARM.Deploy.0 = Debug|ARM
		{3ACEC350-90E5-4468-B8A8-CCA72827ECF1}.Debug|iPhone.ActiveCfg = Debug|Any CPU
		{3ACEC350-90E5-4468-B8A8-CCA72827ECF1}.Debug|iPhoneSimulator.ActiveCfg = Debug|Any CPU
		{3ACEC350-90E5-4468-B8A8-CCA72827ECF1}.Debug|Mixed Platforms.ActiveCfg = Debug|x86
		{3ACEC350-90E5-4468-B8A8-CCA72827ECF1}.Debug|Mixed Platforms.Build.0 = Debug|x86
		{3ACEC350-90E5-4468-B8A8-CCA72827ECF1}.Debug|Mixed Platforms.Deploy.0 = Debug|x86
		{3ACEC350-90E5-4468-B8A8-CCA72827ECF1}.Debug|x64.ActiveCfg = Debug|x64
		{3ACEC350-90E5-4468-B8A8-CCA72827ECF1}.Debug|x64.Build.0 = Debug|x64
		{3ACEC350-90E5-4468-B8A8-CCA72827ECF1}.Debug|x64.Deploy.0 = Debug|x64
		{3ACEC350-90E5-4468-B8A8-CCA72827ECF1}.Debug|x86.ActiveCfg = Debug|x86
		{3ACEC350-90E5-4468-B8A8-CCA72827ECF1}.Debug|x86.Build.0 = Debug|x86
		{3ACEC350-90E5-4468-B8A8-CCA72827ECF1}.Debug|x86.Deploy.0 = Debug|x86
		{3ACEC350-90E5-4468-B8A8-CCA72827ECF1}.Release|Any CPU.ActiveCfg = Release|Any CPU
		{3ACEC350-90E5-4468-B8A8-CCA72827ECF1}.Release|Any CPU.Build.0 = Release|Any CPU
		{3ACEC350-90E5-4468-B8A8-CCA72827ECF1}.Release|Any CPU.Deploy.0 = Release|Any CPU
		{3ACEC350-90E5-4468-B8A8-CCA72827ECF1}.Release|ARM.ActiveCfg = Release|ARM
		{3ACEC350-90E5-4468-B8A8-CCA72827ECF1}.Release|ARM.Build.0 = Release|ARM
		{3ACEC350-90E5-4468-B8A8-CCA72827ECF1}.Release|ARM.Deploy.0 = Release|ARM
		{3ACEC350-90E5-4468-B8A8-CCA72827ECF1}.Release|iPhone.ActiveCfg = Release|Any CPU
		{3ACEC350-90E5-4468-B8A8-CCA72827ECF1}.Release|iPhoneSimulator.ActiveCfg = Release|Any CPU
		{3ACEC350-90E5-4468-B8A8-CCA72827ECF1}.Release|Mixed Platforms.ActiveCfg = Release|x86
		{3ACEC350-90E5-4468-B8A8-CCA72827ECF1}.Release|Mixed Platforms.Build.0 = Release|x86
		{3ACEC350-90E5-4468-B8A8-CCA72827ECF1}.Release|Mixed Platforms.Deploy.0 = Release|x86
		{3ACEC350-90E5-4468-B8A8-CCA72827ECF1}.Release|x64.ActiveCfg = Release|x64
		{3ACEC350-90E5-4468-B8A8-CCA72827ECF1}.Release|x64.Build.0 = Release|x64
		{3ACEC350-90E5-4468-B8A8-CCA72827ECF1}.Release|x64.Deploy.0 = Release|x64
		{3ACEC350-90E5-4468-B8A8-CCA72827ECF1}.Release|x86.ActiveCfg = Release|x86
		{3ACEC350-90E5-4468-B8A8-CCA72827ECF1}.Release|x86.Build.0 = Release|x86
		{3ACEC350-90E5-4468-B8A8-CCA72827ECF1}.Release|x86.Deploy.0 = Release|x86
		{271E7A6F-29A7-43FE-B0FB-8DD92E78622C}.Ad-Hoc|Any CPU.ActiveCfg = Release|Any CPU
		{271E7A6F-29A7-43FE-B0FB-8DD92E78622C}.Ad-Hoc|Any CPU.Build.0 = Release|Any CPU
		{271E7A6F-29A7-43FE-B0FB-8DD92E78622C}.Ad-Hoc|Any CPU.Deploy.0 = Release|Any CPU
		{271E7A6F-29A7-43FE-B0FB-8DD92E78622C}.Ad-Hoc|ARM.ActiveCfg = Release|ARM
		{271E7A6F-29A7-43FE-B0FB-8DD92E78622C}.Ad-Hoc|ARM.Build.0 = Release|ARM
		{271E7A6F-29A7-43FE-B0FB-8DD92E78622C}.Ad-Hoc|ARM.Deploy.0 = Release|ARM
		{271E7A6F-29A7-43FE-B0FB-8DD92E78622C}.Ad-Hoc|iPhone.ActiveCfg = Release|Any CPU
		{271E7A6F-29A7-43FE-B0FB-8DD92E78622C}.Ad-Hoc|iPhoneSimulator.ActiveCfg = Release|Any CPU
		{271E7A6F-29A7-43FE-B0FB-8DD92E78622C}.Ad-Hoc|Mixed Platforms.ActiveCfg = Release|x86
		{271E7A6F-29A7-43FE-B0FB-8DD92E78622C}.Ad-Hoc|Mixed Platforms.Build.0 = Release|x86
		{271E7A6F-29A7-43FE-B0FB-8DD92E78622C}.Ad-Hoc|Mixed Platforms.Deploy.0 = Release|x86
		{271E7A6F-29A7-43FE-B0FB-8DD92E78622C}.Ad-Hoc|x64.ActiveCfg = Release|Any CPU
		{271E7A6F-29A7-43FE-B0FB-8DD92E78622C}.Ad-Hoc|x86.ActiveCfg = Release|x86
		{271E7A6F-29A7-43FE-B0FB-8DD92E78622C}.Ad-Hoc|x86.Build.0 = Release|x86
		{271E7A6F-29A7-43FE-B0FB-8DD92E78622C}.Ad-Hoc|x86.Deploy.0 = Release|x86
		{271E7A6F-29A7-43FE-B0FB-8DD92E78622C}.AppStore|Any CPU.ActiveCfg = Release|Any CPU
		{271E7A6F-29A7-43FE-B0FB-8DD92E78622C}.AppStore|Any CPU.Build.0 = Release|Any CPU
		{271E7A6F-29A7-43FE-B0FB-8DD92E78622C}.AppStore|Any CPU.Deploy.0 = Release|Any CPU
		{271E7A6F-29A7-43FE-B0FB-8DD92E78622C}.AppStore|ARM.ActiveCfg = Release|ARM
		{271E7A6F-29A7-43FE-B0FB-8DD92E78622C}.AppStore|ARM.Build.0 = Release|ARM
		{271E7A6F-29A7-43FE-B0FB-8DD92E78622C}.AppStore|ARM.Deploy.0 = Release|ARM
		{271E7A6F-29A7-43FE-B0FB-8DD92E78622C}.AppStore|iPhone.ActiveCfg = Release|Any CPU
		{271E7A6F-29A7-43FE-B0FB-8DD92E78622C}.AppStore|iPhoneSimulator.ActiveCfg = Release|Any CPU
		{271E7A6F-29A7-43FE-B0FB-8DD92E78622C}.AppStore|Mixed Platforms.ActiveCfg = Release|x86
		{271E7A6F-29A7-43FE-B0FB-8DD92E78622C}.AppStore|Mixed Platforms.Build.0 = Release|x86
		{271E7A6F-29A7-43FE-B0FB-8DD92E78622C}.AppStore|Mixed Platforms.Deploy.0 = Release|x86
		{271E7A6F-29A7-43FE-B0FB-8DD92E78622C}.AppStore|x64.ActiveCfg = Release|Any CPU
		{271E7A6F-29A7-43FE-B0FB-8DD92E78622C}.AppStore|x86.ActiveCfg = Release|x86
		{271E7A6F-29A7-43FE-B0FB-8DD92E78622C}.AppStore|x86.Build.0 = Release|x86
		{271E7A6F-29A7-43FE-B0FB-8DD92E78622C}.AppStore|x86.Deploy.0 = Release|x86
		{271E7A6F-29A7-43FE-B0FB-8DD92E78622C}.Debug|Any CPU.ActiveCfg = Debug|Any CPU
		{271E7A6F-29A7-43FE-B0FB-8DD92E78622C}.Debug|Any CPU.Build.0 = Debug|Any CPU
		{271E7A6F-29A7-43FE-B0FB-8DD92E78622C}.Debug|Any CPU.Deploy.0 = Debug|Any CPU
		{271E7A6F-29A7-43FE-B0FB-8DD92E78622C}.Debug|ARM.ActiveCfg = Debug|ARM
		{271E7A6F-29A7-43FE-B0FB-8DD92E78622C}.Debug|ARM.Build.0 = Debug|ARM
		{271E7A6F-29A7-43FE-B0FB-8DD92E78622C}.Debug|ARM.Deploy.0 = Debug|ARM
		{271E7A6F-29A7-43FE-B0FB-8DD92E78622C}.Debug|iPhone.ActiveCfg = Debug|Any CPU
		{271E7A6F-29A7-43FE-B0FB-8DD92E78622C}.Debug|iPhoneSimulator.ActiveCfg = Debug|Any CPU
		{271E7A6F-29A7-43FE-B0FB-8DD92E78622C}.Debug|Mixed Platforms.ActiveCfg = Debug|x86
		{271E7A6F-29A7-43FE-B0FB-8DD92E78622C}.Debug|Mixed Platforms.Build.0 = Debug|x86
		{271E7A6F-29A7-43FE-B0FB-8DD92E78622C}.Debug|Mixed Platforms.Deploy.0 = Debug|x86
		{271E7A6F-29A7-43FE-B0FB-8DD92E78622C}.Debug|x64.ActiveCfg = Debug|Any CPU
		{271E7A6F-29A7-43FE-B0FB-8DD92E78622C}.Debug|x86.ActiveCfg = Debug|x86
		{271E7A6F-29A7-43FE-B0FB-8DD92E78622C}.Debug|x86.Build.0 = Debug|x86
		{271E7A6F-29A7-43FE-B0FB-8DD92E78622C}.Debug|x86.Deploy.0 = Debug|x86
		{271E7A6F-29A7-43FE-B0FB-8DD92E78622C}.Release|Any CPU.ActiveCfg = Release|Any CPU
		{271E7A6F-29A7-43FE-B0FB-8DD92E78622C}.Release|Any CPU.Build.0 = Release|Any CPU
		{271E7A6F-29A7-43FE-B0FB-8DD92E78622C}.Release|Any CPU.Deploy.0 = Release|Any CPU
		{271E7A6F-29A7-43FE-B0FB-8DD92E78622C}.Release|ARM.ActiveCfg = Release|ARM
		{271E7A6F-29A7-43FE-B0FB-8DD92E78622C}.Release|ARM.Build.0 = Release|ARM
		{271E7A6F-29A7-43FE-B0FB-8DD92E78622C}.Release|ARM.Deploy.0 = Release|ARM
		{271E7A6F-29A7-43FE-B0FB-8DD92E78622C}.Release|iPhone.ActiveCfg = Release|Any CPU
		{271E7A6F-29A7-43FE-B0FB-8DD92E78622C}.Release|iPhoneSimulator.ActiveCfg = Release|Any CPU
		{271E7A6F-29A7-43FE-B0FB-8DD92E78622C}.Release|Mixed Platforms.ActiveCfg = Release|x86
		{271E7A6F-29A7-43FE-B0FB-8DD92E78622C}.Release|Mixed Platforms.Build.0 = Release|x86
		{271E7A6F-29A7-43FE-B0FB-8DD92E78622C}.Release|Mixed Platforms.Deploy.0 = Release|x86
		{271E7A6F-29A7-43FE-B0FB-8DD92E78622C}.Release|x64.ActiveCfg = Release|Any CPU
		{271E7A6F-29A7-43FE-B0FB-8DD92E78622C}.Release|x86.ActiveCfg = Release|x86
		{271E7A6F-29A7-43FE-B0FB-8DD92E78622C}.Release|x86.Build.0 = Release|x86
		{271E7A6F-29A7-43FE-B0FB-8DD92E78622C}.Release|x86.Deploy.0 = Release|x86
	EndGlobalSection
	GlobalSection(SolutionProperties) = preSolution
		HideSolutionNode = FALSE
	EndGlobalSection
EndGlobal
